
Microsoft Visual Studio Solution File, Format Version 12.00
# Visual Studio Version 17
VisualStudioVersion = 17.14.36518.9
MinimumVisualStudioVersion = 10.0.40219.1
Project("{FAE04EC0-301F-11D3-BF4B-00C04F79EFBC}") = "PipelineRenderingTest", "PipelineRenderingTest.csproj", "{01230D73-CBE0-4478-9832-836184A1C422}"
EndProject
Global
	GlobalSection(SolutionConfigurationPlatforms) = preSolution
		Debug|Any CPU = Debug|Any CPU
		Release|Any CPU = Release|Any CPU
	EndGlobalSection
	GlobalSection(ProjectConfigurationPlatforms) = postSolution
		{01230D73-CBE0-4478-9832-836184A1C422}.Debug|Any CPU.ActiveCfg = Debug|Any CPU
		{01230D73-CBE0-4478-9832-836184A1C422}.Debug|Any CPU.Build.0 = Debug|Any CPU
		{01230D73-CBE0-4478-9832-836184A1C422}.Release|Any CPU.ActiveCfg = Release|Any CPU
		{01230D73-CBE0-4478-9832-836184A1C422}.Release|Any CPU.Build.0 = Release|Any CPU
	EndGlobalSection
	GlobalSection(SolutionProperties) = preSolution
		HideSolutionNode = FALSE
	EndGlobalSection
	GlobalSection(ExtensibilityGlobals) = postSolution
		SolutionGuid = {72263460-5CB1-42EE-BF84-F24389947C13}
	EndGlobalSection
EndGlobal
